
Microsoft Visual Studio Solution File, Format Version 12.00
# Visual Studio 15
VisualStudioVersion = 15.0.28307.136
MinimumVisualStudioVersion = 10.0.40219.1
Project("{9A19103F-16F7-4668-BE54-9A1E7A4F7556}") = "CoreTest", "CoreTest\CoreTest.csproj", "{D5A409F6-B64C-419A-AE33-52D75AAC131F}"
EndProject
Project("{FAE04EC0-301F-11D3-BF4B-00C04F79EFBC}") = "CoreTestLogical", "CoreTestLogical\CoreTestLogical.csproj", "{97125061-C364-4A05-BEF3-53081B7E2BF5}"
EndProject
Global
	GlobalSection(SolutionConfigurationPlatforms) = preSolution
		Debug|Any CPU = Debug|Any CPU
		Release|Any CPU = Release|Any CPU
	EndGlobalSection
	GlobalSection(ProjectConfigurationPlatforms) = postSolution
		{D5A409F6-B64C-419A-AE33-52D75AAC131F}.Debug|Any CPU.ActiveCfg = Debug|Any CPU
		{D5A409F6-B64C-419A-AE33-52D75AAC131F}.Debug|Any CPU.Build.0 = Debug|Any CPU
		{D5A409F6-B64C-419A-AE33-52D75AAC131F}.Release|Any CPU.ActiveCfg = Release|Any CPU
		{D5A409F6-B64C-419A-AE33-52D75AAC131F}.Release|Any CPU.Build.0 = Release|Any CPU
		{97125061-C364-4A05-BEF3-53081B7E2BF5}.Debug|Any CPU.ActiveCfg = Debug|Any CPU
		{97125061-C364-4A05-BEF3-53081B7E2BF5}.Debug|Any CPU.Build.0 = Debug|Any CPU
		{97125061-C364-4A05-BEF3-53081B7E2BF5}.Release|Any CPU.ActiveCfg = Release|Any CPU
		{97125061-C364-4A05-BEF3-53081B7E2BF5}.Release|Any CPU.Build.0 = Release|Any CPU
	EndGlobalSection
	GlobalSection(SolutionProperties) = preSolution
		HideSolutionNode = FALSE
	EndGlobalSection
	GlobalSection(ExtensibilityGlobals) = postSolution
		SolutionGuid = {68B05A5C-4A96-4625-A870-905F4EB57363}
	EndGlobalSection
EndGlobal
